
Microsoft Visual Studio Solution File, Format Version 12.00
# Visual Studio Version 17
VisualStudioVersion = 17.4.33205.214
MinimumVisualStudioVersion = 10.0.40219.1
Project("{FAE04EC0-301F-11D3-BF4B-00C04F79EFBC}") = "MyFirstConsoleApplication", "MyFirstConsoleApplication\MyFirstConsoleApplication.csproj", "{72162C0E-0BF4-4900-B2BA-569F95E32C16}"
EndProject
Global
	GlobalSection(SolutionConfigurationPlatforms) = preSolution
		Debug|Any CPU = Debug|Any CPU
		Release|Any CPU = Release|Any CPU
	EndGlobalSection
	GlobalSection(ProjectConfigurationPlatforms) = postSolution
		{72162C0E-0BF4-4900-B2BA-569F95E32C16}.Debug|Any CPU.ActiveCfg = Debug|Any CPU
		{72162C0E-0BF4-4900-B2BA-569F95E32C16}.Debug|Any CPU.Build.0 = Debug|Any CPU
		{72162C0E-0BF4-4900-B2BA-569F95E32C16}.Release|Any CPU.ActiveCfg = Release|Any CPU
		{72162C0E-0BF4-4900-B2BA-569F95E32C16}.Release|Any CPU.Build.0 = Release|Any CPU
	EndGlobalSection
	GlobalSection(SolutionProperties) = preSolution
		HideSolutionNode = FALSE
	EndGlobalSection
	GlobalSection(ExtensibilityGlobals) = postSolution
		SolutionGuid = {86CF6DF7-7594-4D78-8F6A-42C431DC039A}
	EndGlobalSection
EndGlobal
