
Microsoft Visual Studio Solution File, Format Version 12.00
# Visual Studio Version 17
VisualStudioVersion = 17.4.33213.308
MinimumVisualStudioVersion = 10.0.40219.1
Project("{FAE04EC0-301F-11D3-BF4B-00C04F79EFBC}") = "MvcMovie", "MvcMovie.csproj", "{5D81F209-CE21-40D1-B4E6-D4DD3C3C0BAC}"
EndProject
Global
	GlobalSection(SolutionConfigurationPlatforms) = preSolution
		Debug|Any CPU = Debug|Any CPU
		Release|Any CPU = Release|Any CPU
	EndGlobalSection
	GlobalSection(ProjectConfigurationPlatforms) = postSolution
		{5D81F209-CE21-40D1-B4E6-D4DD3C3C0BAC}.Debug|Any CPU.ActiveCfg = Debug|Any CPU
		{5D81F209-CE21-40D1-B4E6-D4DD3C3C0BAC}.Debug|Any CPU.Build.0 = Debug|Any CPU
		{5D81F209-CE21-40D1-B4E6-D4DD3C3C0BAC}.Release|Any CPU.ActiveCfg = Release|Any CPU
		{5D81F209-CE21-40D1-B4E6-D4DD3C3C0BAC}.Release|Any CPU.Build.0 = Release|Any CPU
	EndGlobalSection
	GlobalSection(SolutionProperties) = preSolution
		HideSolutionNode = FALSE
	EndGlobalSection
	GlobalSection(ExtensibilityGlobals) = postSolution
		SolutionGuid = {2E87CBB3-9A99-49FB-A894-DF8B28298281}
	EndGlobalSection
EndGlobal
